
Microsoft Visual Studio Solution File, Format Version 12.00
# Visual Studio Version 17
VisualStudioVersion = 17.14.36221.1 d17.14
MinimumVisualStudioVersion = 10.0.40219.1
Project("{FAE04EC0-301F-11D3-BF4B-00C04F79EFBC}") = "FileSysPractice", "FileSysPractice\FileSysPractice.csproj", "{5731093C-42CD-40B3-BA22-0E2843DA8E3C}"
EndProject
Global
	GlobalSection(SolutionConfigurationPlatforms) = preSolution
		Debug|Any CPU = Debug|Any CPU
		Release|Any CPU = Release|Any CPU
	EndGlobalSection
	GlobalSection(ProjectConfigurationPlatforms) = postSolution
		{5731093C-42CD-40B3-BA22-0E2843DA8E3C}.Debug|Any CPU.ActiveCfg = Debug|Any CPU
		{5731093C-42CD-40B3-BA22-0E2843DA8E3C}.Debug|Any CPU.Build.0 = Debug|Any CPU
		{5731093C-42CD-40B3-BA22-0E2843DA8E3C}.Release|Any CPU.ActiveCfg = Release|Any CPU
		{5731093C-42CD-40B3-BA22-0E2843DA8E3C}.Release|Any CPU.Build.0 = Release|Any CPU
	EndGlobalSection
	GlobalSection(SolutionProperties) = preSolution
		HideSolutionNode = FALSE
	EndGlobalSection
	GlobalSection(ExtensibilityGlobals) = postSolution
		SolutionGuid = {CEFFB211-CADF-46DE-8152-C2FA8A5A9E5E}
	EndGlobalSection
EndGlobal
